
Microsoft Visual Studio Solution File, Format Version 12.00
# Visual Studio Version 17
VisualStudioVersion = 17.14.36623.8 d17.14
MinimumVisualStudioVersion = 10.0.40219.1
Project("{FAE04EC0-301F-11D3-BF4B-00C04F79EFBC}") = "GithubReporterAPI", "GithubReporterAPI\GithubReporterAPI.csproj", "{6EDA5B78-CFC7-4C2B-81D3-A57D23F290B1}"
EndProject
Project("{FAE04EC0-301F-11D3-BF4B-00C04F79EFBC}") = "GithubReporterService", "GithubReporterService\GithubReporterService.csproj", "{0A1CB686-7528-4A6E-B707-B896CCC7DE95}"
EndProject
Project("{FAE04EC0-301F-11D3-BF4B-00C04F79EFBC}") = "GithubReporterRepository", "GithubRepository\GithubReporterRepository.csproj", "{6AD9C43F-60EA-4885-923F-B9192144CF7D}"
EndProject
Global
	GlobalSection(SolutionConfigurationPlatforms) = preSolution
		Debug|Any CPU = Debug|Any CPU
		Release|Any CPU = Release|Any CPU
	EndGlobalSection
	GlobalSection(ProjectConfigurationPlatforms) = postSolution
		{6EDA5B78-CFC7-4C2B-81D3-A57D23F290B1}.Debug|Any CPU.ActiveCfg = Debug|Any CPU
		{6EDA5B78-CFC7-4C2B-81D3-A57D23F290B1}.Debug|Any CPU.Build.0 = Debug|Any CPU
		{6EDA5B78-CFC7-4C2B-81D3-A57D23F290B1}.Release|Any CPU.ActiveCfg = Release|Any CPU
		{6EDA5B78-CFC7-4C2B-81D3-A57D23F290B1}.Release|Any CPU.Build.0 = Release|Any CPU
		{0A1CB686-7528-4A6E-B707-B896CCC7DE95}.Debug|Any CPU.ActiveCfg = Debug|Any CPU
		{0A1CB686-7528-4A6E-B707-B896CCC7DE95}.Debug|Any CPU.Build.0 = Debug|Any CPU
		{0A1CB686-7528-4A6E-B707-B896CCC7DE95}.Release|Any CPU.ActiveCfg = Release|Any CPU
		{0A1CB686-7528-4A6E-B707-B896CCC7DE95}.Release|Any CPU.Build.0 = Release|Any CPU
		{6AD9C43F-60EA-4885-923F-B9192144CF7D}.Debug|Any CPU.ActiveCfg = Debug|Any CPU
		{6AD9C43F-60EA-4885-923F-B9192144CF7D}.Debug|Any CPU.Build.0 = Debug|Any CPU
		{6AD9C43F-60EA-4885-923F-B9192144CF7D}.Release|Any CPU.ActiveCfg = Release|Any CPU
		{6AD9C43F-60EA-4885-923F-B9192144CF7D}.Release|Any CPU.Build.0 = Release|Any CPU
	EndGlobalSection
	GlobalSection(SolutionProperties) = preSolution
		HideSolutionNode = FALSE
	EndGlobalSection
	GlobalSection(ExtensibilityGlobals) = postSolution
		SolutionGuid = {93B52BA6-2074-454C-957C-7413D6A608CB}
	EndGlobalSection
EndGlobal
